
Microsoft Visual Studio Solution File, Format Version 12.00
# Visual Studio Version 17
VisualStudioVersion = 17.5.002.0
MinimumVisualStudioVersion = 10.0.40219.1
Project("{9A19103F-16F7-4668-BE54-9A1E7A4F7556}") = "dotNet", "dotNet.csproj", "{0B53368C-3A12-4E5B-B585-2D87D48BF212}"
EndProject
Global
	GlobalSection(SolutionConfigurationPlatforms) = preSolution
		Debug|Any CPU = Debug|Any CPU
		Release|Any CPU = Release|Any CPU
	EndGlobalSection
	GlobalSection(ProjectConfigurationPlatforms) = postSolution
		{0B53368C-3A12-4E5B-B585-2D87D48BF212}.Debug|Any CPU.ActiveCfg = Debug|Any CPU
		{0B53368C-3A12-4E5B-B585-2D87D48BF212}.Debug|Any CPU.Build.0 = Debug|Any CPU
		{0B53368C-3A12-4E5B-B585-2D87D48BF212}.Release|Any CPU.ActiveCfg = Release|Any CPU
		{0B53368C-3A12-4E5B-B585-2D87D48BF212}.Release|Any CPU.Build.0 = Release|Any CPU
	EndGlobalSection
	GlobalSection(SolutionProperties) = preSolution
		HideSolutionNode = FALSE
	EndGlobalSection
	GlobalSection(ExtensibilityGlobals) = postSolution
		SolutionGuid = {8808DCD2-D10C-4700-BCA9-A16B6E9F5E4E}
	EndGlobalSection
EndGlobal
